
Microsoft Visual Studio Solution File, Format Version 12.00
# Visual Studio Version 17
VisualStudioVersion = 17.5.002.0
MinimumVisualStudioVersion = 10.0.40219.1
Project("{9A19103F-16F7-4668-BE54-9A1E7A4F7556}") = "HealthCareWebb", "HealthCareWebb.csproj", "{283E69BA-A278-435C-B788-B87566404625}"
EndProject
Global
	GlobalSection(SolutionConfigurationPlatforms) = preSolution
		Debug|Any CPU = Debug|Any CPU
		Release|Any CPU = Release|Any CPU
	EndGlobalSection
	GlobalSection(ProjectConfigurationPlatforms) = postSolution
		{283E69BA-A278-435C-B788-B87566404625}.Debug|Any CPU.ActiveCfg = Debug|Any CPU
		{283E69BA-A278-435C-B788-B87566404625}.Debug|Any CPU.Build.0 = Debug|Any CPU
		{283E69BA-A278-435C-B788-B87566404625}.Release|Any CPU.ActiveCfg = Release|Any CPU
		{283E69BA-A278-435C-B788-B87566404625}.Release|Any CPU.Build.0 = Release|Any CPU
	EndGlobalSection
	GlobalSection(SolutionProperties) = preSolution
		HideSolutionNode = FALSE
	EndGlobalSection
	GlobalSection(ExtensibilityGlobals) = postSolution
		SolutionGuid = {DF12878B-2D5A-49A0-97BC-6CBCF34F992C}
	EndGlobalSection
EndGlobal
